
Microsoft Visual Studio Solution File, Format Version 12.00
# Visual Studio Version 17
VisualStudioVersion = 17.9.34723.18
MinimumVisualStudioVersion = 10.0.40219.1
Project("{9A19103F-16F7-4668-BE54-9A1E7A4F7556}") = "Prueba2_Fase1", "Prueba2_Fase1\Prueba2_Fase1.csproj", "{C9ED4793-60AC-4164-9008-1D95F8D11203}"
EndProject
Global
	GlobalSection(SolutionConfigurationPlatforms) = preSolution
		Debug|Any CPU = Debug|Any CPU
		Release|Any CPU = Release|Any CPU
	EndGlobalSection
	GlobalSection(ProjectConfigurationPlatforms) = postSolution
		{C9ED4793-60AC-4164-9008-1D95F8D11203}.Debug|Any CPU.ActiveCfg = Debug|Any CPU
		{C9ED4793-60AC-4164-9008-1D95F8D11203}.Debug|Any CPU.Build.0 = Debug|Any CPU
		{C9ED4793-60AC-4164-9008-1D95F8D11203}.Release|Any CPU.ActiveCfg = Release|Any CPU
		{C9ED4793-60AC-4164-9008-1D95F8D11203}.Release|Any CPU.Build.0 = Release|Any CPU
	EndGlobalSection
	GlobalSection(SolutionProperties) = preSolution
		HideSolutionNode = FALSE
	EndGlobalSection
	GlobalSection(ExtensibilityGlobals) = postSolution
		SolutionGuid = {47DE1F4B-4A44-4E72-873D-67AFE44DAD01}
	EndGlobalSection
EndGlobal
